
Microsoft Visual Studio Solution File, Format Version 12.00
# Visual Studio 15
VisualStudioVersion = 15.0.27130.2027
MinimumVisualStudioVersion = 10.0.40219.1
Project("{FAE04EC0-301F-11D3-BF4B-00C04F79EFBC}") = "VirtualInputController", "VirtualInputController\VirtualInputController.csproj", "{3A64A5EE-FAC2-4623-99EE-3561C7EB2ED3}"
EndProject
Global
	GlobalSection(SolutionConfigurationPlatforms) = preSolution
		Debug|Any CPU = Debug|Any CPU
		Release|Any CPU = Release|Any CPU
	EndGlobalSection
	GlobalSection(ProjectConfigurationPlatforms) = postSolution
		{3A64A5EE-FAC2-4623-99EE-3561C7EB2ED3}.Debug|Any CPU.ActiveCfg = Debug|Any CPU
		{3A64A5EE-FAC2-4623-99EE-3561C7EB2ED3}.Debug|Any CPU.Build.0 = Debug|Any CPU
		{3A64A5EE-FAC2-4623-99EE-3561C7EB2ED3}.Release|Any CPU.ActiveCfg = Release|Any CPU
		{3A64A5EE-FAC2-4623-99EE-3561C7EB2ED3}.Release|Any CPU.Build.0 = Release|Any CPU
	EndGlobalSection
	GlobalSection(SolutionProperties) = preSolution
		HideSolutionNode = FALSE
	EndGlobalSection
	GlobalSection(ExtensibilityGlobals) = postSolution
		SolutionGuid = {AEB829FA-C6AD-4FBC-8CCC-33C7DB3E2029}
	EndGlobalSection
EndGlobal
